// !$*UTF8*$!
{
	archiveVersion = 1;
	classes = {
	};
	objectVersion = 50;
	objects = {

/* Begin PBXBuildFile section */
		9140247D2661EB810058BB4D /* GitHubTestApp.swift in Sources */ = {isa = PBXBuildFile; fileRef = 9140247C2661EB810058BB4D /* GitHubTestApp.swift */; };
		9140247F2661EB810058BB4D /* ContentView.swift in Sources */ = {isa = PBXBuildFile; fileRef = 9140247E2661EB810058BB4D /* ContentView.swift */; };
		914024812661EB830058BB4D /* Assets.xcassets in Resources */ = {isa = PBXBuildFile; fileRef = 914024802661EB830058BB4D /* Assets.xcassets */; };
		914024842661EB830058BB4D /* Preview Assets.xcassets in Resources */ = {isa = PBXBuildFile; fileRef = 914024832661EB830058BB4D /* Preview Assets.xcassets */; };
		9140248F2661EB830058BB4D /* GitHubTestTests.swift in Sources */ = {isa = PBXBuildFile; fileRef = 9140248E2661EB830058BB4D /* GitHubTestTests.swift */; };
		9140249A2661EB840058BB4D /* GitHubTestUITests.swift in Sources */ = {isa = PBXBuildFile; fileRef = 914024992661EB840058BB4D /* GitHubTestUITests.swift */; };
		914024AB2661F38E0058BB4D /* Storyboard.storyboard in Resources */ = {isa = PBXBuildFile; fileRef = 914024AA2661F38E0058BB4D /* Storyboard.storyboard */; settings = {ASSET_TAGS = (123, ); }; };
/* End PBXBuildFile section */

/* Begin PBXContainerItemProxy section */
		9140248B2661EB830058BB4D /* PBXContainerItemProxy */ = {
			isa = PBXContainerItemProxy;
			containerPortal = 914024712661EB810058BB4D /* Project object */;
			proxyType = 1;
			remoteGlobalIDString = 914024782661EB810058BB4D;
			remoteInfo = GitHubTest;
		};
		914024962661EB840058BB4D /* PBXContainerItemProxy */ = {
			isa = PBXContainerItemProxy;
			containerPortal = 914024712661EB810058BB4D /* Project object */;
			proxyType = 1;
			remoteGlobalIDString = 914024782661EB810058BB4D;
			remoteInfo = GitHubTest;
		};
/* End PBXContainerItemProxy section */

/* Begin PBXFileReference section */
		914024792661EB810058BB4D /* GitHubTest.app */ = {isa = PBXFileReference; explicitFileType = wrapper.application; includeInIndex = 0; path = GitHubTest.app; sourceTree = BUILT_PRODUCTS_DIR; };
		9140247C2661EB810058BB4D /* GitHubTestApp.swift */ = {isa = PBXFileReference; lastKnownFileType = sourcecode.swift; path = GitHubTestApp.swift; sourceTree = "<group>"; };
		9140247E2661EB810058BB4D /* ContentView.swift */ = {isa = PBXFileReference; lastKnownFileType = sourcecode.swift; path = ContentView.swift; sourceTree = "<group>"; };
		914024802661EB830058BB4D /* Assets.xcassets */ = {isa = PBXFileReference; lastKnownFileType = folder.assetcatalog; path = Assets.xcassets; sourceTree = "<group>"; };
		914024832661EB830058BB4D /* Preview Assets.xcassets */ = {isa = PBXFileReference; lastKnownFileType = folder.assetcatalog; path = "Preview Assets.xcassets"; sourceTree = "<group>"; };
		914024852661EB830058BB4D /* Info.plist */ = {isa = PBXFileReference; lastKnownFileType = text.plist.xml; path = Info.plist; sourceTree = "<group>"; };
		9140248A2661EB830058BB4D /* GitHubTestTests.xctest */ = {isa = PBXFileReference; explicitFileType = wrapper.cfbundle; includeInIndex = 0; path = GitHubTestTests.xctest; sourceTree = BUILT_PRODUCTS_DIR; };
		9140248E2661EB830058BB4D /* GitHubTestTests.swift */ = {isa = PBXFileReference; lastKnownFileType = sourcecode.swift; path = GitHubTestTests.swift; sourceTree = "<group>"; };
		914024902661EB830058BB4D /* Info.plist */ = {isa = PBXFileReference; lastKnownFileType = text.plist.xml; path = Info.plist; sourceTree = "<group>"; };
		914024952661EB840058BB4D /* GitHubTestUITests.xctest */ = {isa = PBXFileReference; explicitFileType = wrapper.cfbundle; includeInIndex = 0; path = GitHubTestUITests.xctest; sourceTree = BUILT_PRODUCTS_DIR; };
		914024992661EB840058BB4D /* GitHubTestUITests.swift */ = {isa = PBXFileReference; lastKnownFileType = sourcecode.swift; path = GitHubTestUITests.swift; sourceTree = "<group>"; };
		9140249B2661EB840058BB4D /* Info.plist */ = {isa = PBXFileReference; lastKnownFileType = text.plist.xml; path = Info.plist; sourceTree = "<group>"; };
		914024AA2661F38E0058BB4D /* Storyboard.storyboard */ = {isa = PBXFileReference; lastKnownFileType = file.storyboard; path = Storyboard.storyboard; sourceTree = "<group>"; };
/* End PBXFileReference section */

/* Begin PBXFrameworksBuildPhase section */
		914024762661EB810058BB4D /* Frameworks */ = {
			isa = PBXFrameworksBuildPhase;
			buildActionMask = 2147483647;
			files = (
			);
			runOnlyForDeploymentPostprocessing = 0;
		};
		914024872661EB830058BB4D /* Frameworks */ = {
			isa = PBXFrameworksBuildPhase;
			buildActionMask = 2147483647;
			files = (
			);
			runOnlyForDeploymentPostprocessing = 0;
		};
		914024922661EB840058BB4D /* Frameworks */ = {
			isa = PBXFrameworksBuildPhase;
			buildActionMask = 2147483647;
			files = (
			);
			runOnlyForDeploymentPostprocessing = 0;
		};
/* End PBXFrameworksBuildPhase section */

/* Begin PBXGroup section */
		914024702661EB810058BB4D = {
			isa = PBXGroup;
			children = (
				9140247B2661EB810058BB4D /* GitHubTest */,
				9140248D2661EB830058BB4D /* GitHubTestTests */,
				914024982661EB840058BB4D /* GitHubTestUITests */,
				9140247A2661EB810058BB4D /* Products */,
			);
			sourceTree = "<group>";
		};
		9140247A2661EB810058BB4D /* Products */ = {
			isa = PBXGroup;
			children = (
				914024792661EB810058BB4D /* GitHubTest.app */,
				9140248A2661EB830058BB4D /* GitHubTestTests.xctest */,
				914024952661EB840058BB4D /* GitHubTestUITests.xctest */,
			);
			name = Products;
			sourceTree = "<group>";
		};
		9140247B2661EB810058BB4D /* GitHubTest */ = {
			isa = PBXGroup;
			children = (
				9140247C2661EB810058BB4D /* GitHubTestApp.swift */,
				9140247E2661EB810058BB4D /* ContentView.swift */,
				914024802661EB830058BB4D /* Assets.xcassets */,
				914024852661EB830058BB4D /* Info.plist */,
				914024822661EB830058BB4D /* Preview Content */,
				914024AA2661F38E0058BB4D /* Storyboard.storyboard */,
			);
			path = GitHubTest;
			sourceTree = "<group>";
		};
		914024822661EB830058BB4D /* Preview Content */ = {
			isa = PBXGroup;
			children = (
				914024832661EB830058BB4D /* Preview Assets.xcassets */,
			);
			path = "Preview Content";
			sourceTree = "<group>";
		};
		9140248D2661EB830058BB4D /* GitHubTestTests */ = {
			isa = PBXGroup;
			children = (
				9140248E2661EB830058BB4D /* GitHubTestTests.swift */,
				914024902661EB830058BB4D /* Info.plist */,
			);
			path = GitHubTestTests;
			sourceTree = "<group>";
		};
		914024982661EB840058BB4D /* GitHubTestUITests */ = {
			isa = PBXGroup;
			children = (
				914024992661EB840058BB4D /* GitHubTestUITests.swift */,
				9140249B2661EB840058BB4D /* Info.plist */,
			);
			path = GitHubTestUITests;
			sourceTree = "<group>";
		};
/* End PBXGroup section */

/* Begin PBXNativeTarget section */
		914024782661EB810058BB4D /* GitHubTest */ = {
			isa = PBXNativeTarget;
			buildConfigurationList = 9140249E2661EB840058BB4D /* Build configuration list for PBXNativeTarget "GitHubTest" */;
			buildPhases = (
				914024752661EB810058BB4D /* Sources */,
				914024762661EB810058BB4D /* Frameworks */,
				914024772661EB810058BB4D /* Resources */,
			);
			buildRules = (
			);
			dependencies = (
			);
			name = GitHubTest;
			productName = GitHubTest;
			productReference = 914024792661EB810058BB4D /* GitHubTest.app */;
			productType = "com.apple.product-type.application";
		};
		914024892661EB830058BB4D /* GitHubTestTests */ = {
			isa = PBXNativeTarget;
			buildConfigurationList = 914024A12661EB840058BB4D /* Build configuration list for PBXNativeTarget "GitHubTestTests" */;
			buildPhases = (
				914024862661EB830058BB4D /* Sources */,
				914024872661EB830058BB4D /* Frameworks */,
				914024882661EB830058BB4D /* Resources */,
			);
			buildRules = (
			);
			dependencies = (
				9140248C2661EB830058BB4D /* PBXTargetDependency */,
			);
			name = GitHubTestTests;
			productName = GitHubTestTests;
			productReference = 9140248A2661EB830058BB4D /* GitHubTestTests.xctest */;
			productType = "com.apple.product-type.bundle.unit-test";
		};
		914024942661EB840058BB4D /* GitHubTestUITests */ = {
			isa = PBXNativeTarget;
			buildConfigurationList = 914024A42661EB840058BB4D /* Build configuration list for PBXNativeTarget "GitHubTestUITests" */;
			buildPhases = (
				914024912661EB840058BB4D /* Sources */,
				914024922661EB840058BB4D /* Frameworks */,
				914024932661EB840058BB4D /* Resources */,
			);
			buildRules = (
			);
			dependencies = (
				914024972661EB840058BB4D /* PBXTargetDependency */,
			);
			name = GitHubTestUITests;
			productName = GitHubTestUITests;
			productReference = 914024952661EB840058BB4D /* GitHubTestUITests.xctest */;
			productType = "com.apple.product-type.bundle.ui-testing";
		};
/* End PBXNativeTarget section */

/* Begin PBXProject section */
		914024712661EB810058BB4D /* Project object */ = {
			isa = PBXProject;
			attributes = {
				KnownAssetTags = (
					123,
				);
				LastSwiftUpdateCheck = 1240;
				LastUpgradeCheck = 1240;
				TargetAttributes = {
					914024782661EB810058BB4D = {
						CreatedOnToolsVersion = 12.4;
					};
					914024892661EB830058BB4D = {
						CreatedOnToolsVersion = 12.4;
						TestTargetID = 914024782661EB810058BB4D;
					};
					914024942661EB840058BB4D = {
						CreatedOnToolsVersion = 12.4;
						TestTargetID = 914024782661EB810058BB4D;
					};
				};
			};
			buildConfigurationList = 914024742661EB810058BB4D /* Build configuration list for PBXProject "GitHubTest" */;
			compatibilityVersion = "Xcode 9.3";
			developmentRegion = en;
			hasScannedForEncodings = 0;
			knownRegions = (
				en,
				Base,
			);
			mainGroup = 914024702661EB810058BB4D;
			productRefGroup = 9140247A2661EB810058BB4D /* Products */;
			projectDirPath = "";
			projectRoot = "";
			targets = (
				914024782661EB810058BB4D /* GitHubTest */,
				914024892661EB830058BB4D /* GitHubTestTests */,
				914024942661EB840058BB4D /* GitHubTestUITests */,
			);
		};
/* End PBXProject section */

/* Begin PBXResourcesBuildPhase section */
		914024772661EB810058BB4D /* Resources */ = {
			isa = PBXResourcesBuildPhase;
			buildActionMask = 2147483647;
			files = (
				914024842661EB830058BB4D /* Preview Assets.xcassets in Resources */,
				914024812661EB830058BB4D /* Assets.xcassets in Resources */,
				914024AB2661F38E0058BB4D /* Storyboard.storyboard in Resources */,
			);
			runOnlyForDeploymentPostprocessing = 0;
		};
		914024882661EB830058BB4D /* Resources */ = {
			isa = PBXResourcesBuildPhase;
			buildActionMask = 2147483647;
			files = (
			);
			runOnlyForDeploymentPostprocessing = 0;
		};
		914024932661EB840058BB4D /* Resources */ = {
			isa = PBXResourcesBuildPhase;
			buildActionMask = 2147483647;
			files = (
			);
			runOnlyForDeploymentPostprocessing = 0;
		};
/* End PBXResourcesBuildPhase section */

/* Begin PBXSourcesBuildPhase section */
		914024752661EB810058BB4D /* Sources */ = {
			isa = PBXSourcesBuildPhase;
			buildActionMask = 2147483647;
			files = (
				9140247F2661EB810058BB4D /* ContentView.swift in Sources */,
				9140247D2661EB810058BB4D /* GitHubTestApp.swift in Sources */,
			);
			runOnlyForDeploymentPostprocessing = 0;
		};
		914024862661EB830058BB4D /* Sources */ = {
			isa = PBXSourcesBuildPhase;
			buildActionMask = 2147483647;
			files = (
				9140248F2661EB830058BB4D /* GitHubTestTests.swift in Sources */,
			);
			runOnlyForDeploymentPostprocessing = 0;
		};
		914024912661EB840058BB4D /* Sources */ = {
			isa = PBXSourcesBuildPhase;
			buildActionMask = 2147483647;
			files = (
				9140249A2661EB840058BB4D /* GitHubTestUITests.swift in Sources */,
			);
			runOnlyForDeploymentPostprocessing = 0;
		};
/* End PBXSourcesBuildPhase section */

/* Begin PBXTargetDependency section */
		9140248C2661EB830058BB4D /* PBXTargetDependency */ = {
			isa = PBXTargetDependency;
			target = 914024782661EB810058BB4D /* GitHubTest */;
			targetProxy = 9140248B2661EB830058BB4D /* PBXContainerItemProxy */;
		};
		914024972661EB840058BB4D /* PBXTargetDependency */ = {
			isa = PBXTargetDependency;
			target = 914024782661EB810058BB4D /* GitHubTest */;
			targetProxy = 914024962661EB840058BB4D /* PBXContainerItemProxy */;
		};
/* End PBXTargetDependency section */

/* Begin XCBuildConfiguration section */
		9140249C2661EB840058BB4D /* Debug */ = {
			isa = XCBuildConfiguration;
			buildSettings = {
				ALWAYS_SEARCH_USER_PATHS = NO;
				CLANG_ANALYZER_NONNULL = YES;
				CLANG_ANALYZER_NUMBER_OBJECT_CONVERSION = YES_AGGRESSIVE;
				CLANG_CXX_LANGUAGE_STANDARD = "gnu++14";
				CLANG_CXX_LIBRARY = "libc++";
				CLANG_ENABLE_MODULES = YES;
				CLANG_ENABLE_OBJC_ARC = YES;
				CLANG_ENABLE_OBJC_WEAK = YES;
				CLANG_WARN_BLOCK_CAPTURE_AUTORELEASING = YES;
				CLANG_WARN_BOOL_CONVERSION = YES;
				CLANG_WARN_COMMA = YES;
				CLANG_WARN_CONSTANT_CONVERSION = YES;
				CLANG_WARN_DEPRECATED_OBJC_IMPLEMENTATIONS = YES;
				CLANG_WARN_DIRECT_OBJC_ISA_USAGE = YES_ERROR;
				CLANG_WARN_DOCUMENTATION_COMMENTS = YES;
				CLANG_WARN_EMPTY_BODY = YES;
				CLANG_WARN_ENUM_CONVERSION = YES;
				CLANG_WARN_INFINITE_RECURSION = YES;
				CLANG_WARN_INT_CONVERSION = YES;
				CLANG_WARN_NON_LITERAL_NULL_CONVERSION = YES;
				CLANG_WARN_OBJC_IMPLICIT_RETAIN_SELF = YES;
				CLANG_WARN_OBJC_LITERAL_CONVERSION = YES;
				CLANG_WARN_OBJC_ROOT_CLASS = YES_ERROR;
				CLANG_WARN_QUOTED_INCLUDE_IN_FRAMEWORK_HEADER = YES;
				CLANG_WARN_RANGE_LOOP_ANALYSIS = YES;
				CLANG_WARN_STRICT_PROTOTYPES = YES;
				CLANG_WARN_SUSPICIOUS_MOVE = YES;
				CLANG_WARN_UNGUARDED_AVAILABILITY = YES_AGGRESSIVE;
				CLANG_WARN_UNREACHABLE_CODE = YES;
				CLANG_WARN__DUPLICATE_METHOD_MATCH = YES;
				COPY_PHASE_STRIP = NO;
				DEBUG_INFORMATION_FORMAT = dwarf;
				ENABLE_STRICT_OBJC_MSGSEND = YES;
				ENABLE_TESTABILITY = YES;
				GCC_C_LANGUAGE_STANDARD = gnu11;
				GCC_DYNAMIC_NO_PIC = NO;
				GCC_NO_COMMON_BLOCKS = YES;
				GCC_OPTIMIZATION_LEVEL = 0;
				GCC_PREPROCESSOR_DEFINITIONS = (
					"DEBUG=1",
					"$(inherited)",
				);
				GCC_WARN_64_TO_32_BIT_CONVERSION = YES;
				GCC_WARN_ABOUT_RETURN_TYPE = YES_ERROR;
				GCC_WARN_UNDECLARED_SELECTOR = YES;
				GCC_WARN_UNINITIALIZED_AUTOS = YES_AGGRESSIVE;
				GCC_WARN_UNUSED_FUNCTION = YES;
				GCC_WARN_UNUSED_VARIABLE = YES;
				IPHONEOS_DEPLOYMENT_TARGET = 14.4;
				MTL_ENABLE_DEBUG_INFO = INCLUDE_SOURCE;
				MTL_FAST_MATH = YES;
				ONLY_ACTIVE_ARCH = YES;
				SDKROOT = iphoneos;
				SWIFT_ACTIVE_COMPILATION_CONDITIONS = DEBUG;
				SWIFT_OPTIMIZATION_LEVEL = "-Onone";
			};
			name = Debug;
		};
		9140249D2661EB840058BB4D /* Release */ = {
			isa = XCBuildConfiguration;
			buildSettings = {
				ALWAYS_SEARCH_USER_PATHS = NO;
				CLANG_ANALYZER_NONNULL = YES;
				CLANG_ANALYZER_NUMBER_OBJECT_CONVERSION = YES_AGGRESSIVE;
				CLANG_CXX_LANGUAGE_STANDARD = "gnu++14";
				CLANG_CXX_LIBRARY = "libc++";
				CLANG_ENABLE_MODULES = YES;
				CLANG_ENABLE_OBJC_ARC = YES;
				CLANG_ENABLE_OBJC_WEAK = YES;
				CLANG_WARN_BLOCK_CAPTURE_AUTORELEASING = YES;
				CLANG_WARN_BOOL_CONVERSION = YES;
				CLANG_WARN_COMMA = YES;
				CLANG_WARN_CONSTANT_CONVERSION = YES;
				CLANG_WARN_DEPRECATED_OBJC_IMPLEMENTATIONS = YES;
				CLANG_WARN_DIRECT_OBJC_ISA_USAGE = YES_ERROR;
				CLANG_WARN_DOCUMENTATION_COMMENTS = YES;
				CLANG_WARN_EMPTY_BODY = YES;
				CLANG_WARN_ENUM_CONVERSION = YES;
				CLANG_WARN_INFINITE_RECURSION = YES;
				CLANG_WARN_INT_CONVERSION = YES;
				CLANG_WARN_NON_LITERAL_NULL_CONVERSION = YES;
				CLANG_WARN_OBJC_IMPLICIT_RETAIN_SELF = YES;
				CLANG_WARN_OBJC_LITERAL_CONVERSION = YES;
				CLANG_WARN_OBJC_ROOT_CLASS = YES_ERROR;
				CLANG_WARN_QUOTED_INCLUDE_IN_FRAMEWORK_HEADER = YES;
				CLANG_WARN_RANGE_LOOP_ANALYSIS = YES;
				CLANG_WARN_STRICT_PROTOTYPES = YES;
				CLANG_WARN_SUSPICIOUS_MOVE = YES;
				CLANG_WARN_UNGUARDED_AVAILABILITY = YES_AGGRESSIVE;
				CLANG_WARN_UNREACHABLE_CODE = YES;
				CLANG_WARN__DUPLICATE_METHOD_MATCH = YES;
				COPY_PHASE_STRIP = NO;
				DEBUG_INFORMATION_FORMAT = "dwarf-with-dsym";
				ENABLE_NS_ASSERTIONS = NO;
				ENABLE_STRICT_OBJC_MSGSEND = YES;
				GCC_C_LANGUAGE_STANDARD = gnu11;
				GCC_NO_COMMON_BLOCKS = YES;
				GCC_WARN_64_TO_32_BIT_CONVERSION = YES;
				GCC_WARN_ABOUT_RETURN_TYPE = YES_ERROR;
				GCC_WARN_UNDECLARED_SELECTOR = YES;
				GCC_WARN_UNINITIALIZED_AUTOS = YES_AGGRESSIVE;
				GCC_WARN_UNUSED_FUNCTION = YES;
				GCC_WARN_UNUSED_VARIABLE = YES;
				IPHONEOS_DEPLOYMENT_TARGET = 14.4;
				MTL_ENABLE_DEBUG_INFO = NO;
				MTL_FAST_MATH = YES;
				SDKROOT = iphoneos;
				SWIFT_COMPILATION_MODE = wholemodule;
				SWIFT_OPTIMIZATION_LEVEL = "-O";
				VALIDATE_PRODUCT = YES;
			};
			name = Release;
		};
		9140249F2661EB840058BB4D /* Debug */ = {
			isa = XCBuildConfiguration;
			buildSettings = {
				ASSETCATALOG_COMPILER_APPICON_NAME = AppIcon;
				ASSETCATALOG_COMPILER_GLOBAL_ACCENT_COLOR_NAME = AccentColor;
				CODE_SIGN_STYLE = Automatic;
				DEVELOPMENT_ASSET_PATHS = "\"GitHubTest/Preview Content\"";
				ENABLE_PREVIEWS = YES;
				INFOPLIST_FILE = GitHubTest/Info.plist;
				IPHONEOS_DEPLOYMENT_TARGET = 14.0;
				LD_RUNPATH_SEARCH_PATHS = (
					"$(inherited)",
					"@executable_path/Frameworks",
				);
				PRODUCT_BUNDLE_IDENTIFIER = Test.GitHubTest;
				PRODUCT_NAME = "$(TARGET_NAME)";
				SWIFT_VERSION = 5.0;
				TARGETED_DEVICE_FAMILY = "1,2";
			};
			name = Debug;
		};
		914024A02661EB840058BB4D /* Release */ = {
			isa = XCBuildConfiguration;
			buildSettings = {
				ASSETCATALOG_COMPILER_APPICON_NAME = AppIcon;
				ASSETCATALOG_COMPILER_GLOBAL_ACCENT_COLOR_NAME = AccentColor;
				CODE_SIGN_STYLE = Automatic;
				DEVELOPMENT_ASSET_PATHS = "\"GitHubTest/Preview Content\"";
				ENABLE_PREVIEWS = YES;
				INFOPLIST_FILE = GitHubTest/Info.plist;
				IPHONEOS_DEPLOYMENT_TARGET = 14.0;
				LD_RUNPATH_SEARCH_PATHS = (
					"$(inherited)",
					"@executable_path/Frameworks",
				);
				PRODUCT_BUNDLE_IDENTIFIER = Test.GitHubTest;
				PRODUCT_NAME = "$(TARGET_NAME)";
				SWIFT_VERSION = 5.0;
				TARGETED_DEVICE_FAMILY = "1,2";
			};
			name = Release;
		};
		914024A22661EB840058BB4D /* Debug */ = {
			isa = XCBuildConfiguration;
			buildSettings = {
				ALWAYS_EMBED_SWIFT_STANDARD_LIBRARIES = YES;
				BUNDLE_LOADER = "$(TEST_HOST)";
				CODE_SIGN_STYLE = Automatic;
				INFOPLIST_FILE = GitHubTestTests/Info.plist;
				IPHONEOS_DEPLOYMENT_TARGET = 14.0;
				LD_RUNPATH_SEARCH_PATHS = (
					"$(inherited)",
					"@executable_path/Frameworks",
					"@loader_path/Frameworks",
				);
				PRODUCT_BUNDLE_IDENTIFIER = Test.GitHubTestTests;
				PRODUCT_NAME = "$(TARGET_NAME)";
				SWIFT_VERSION = 5.0;
				TARGETED_DEVICE_FAMILY = "1,2";
				TEST_HOST = "$(BUILT_PRODUCTS_DIR)/GitHubTest.app/GitHubTest";
			};
			name = Debug;
		};
		914024A32661EB840058BB4D /* Release */ = {
			isa = XCBuildConfiguration;
			buildSettings = {
				ALWAYS_EMBED_SWIFT_STANDARD_LIBRARIES = YES;
				BUNDLE_LOADER = "$(TEST_HOST)";
				CODE_SIGN_STYLE = Automatic;
				INFOPLIST_FILE = GitHubTestTests/Info.plist;
				IPHONEOS_DEPLOYMENT_TARGET = 14.0;
				LD_RUNPATH_SEARCH_PATHS = (
					"$(inherited)",
					"@executable_path/Frameworks",
					"@loader_path/Frameworks",
				);
				PRODUCT_BUNDLE_IDENTIFIER = Test.GitHubTestTests;
				PRODUCT_NAME = "$(TARGET_NAME)";
				SWIFT_VERSION = 5.0;
				TARGETED_DEVICE_FAMILY = "1,2";
				TEST_HOST = "$(BUILT_PRODUCTS_DIR)/GitHubTest.app/GitHubTest";
			};
			name = Release;
		};
		914024A52661EB840058BB4D /* Debug */ = {
			isa = XCBuildConfiguration;
			buildSettings = {
				ALWAYS_EMBED_SWIFT_STANDARD_LIBRARIES = YES;
				CODE_SIGN_STYLE = Automatic;
				INFOPLIST_FILE = GitHubTestUITests/Info.plist;
				LD_RUNPATH_SEARCH_PATHS = (
					"$(inherited)",
					"@executable_path/Frameworks",
					"@loader_path/Frameworks",
				);
				PRODUCT_BUNDLE_IDENTIFIER = Test.GitHubTestUITests;
				PRODUCT_NAME = "$(TARGET_NAME)";
				SWIFT_VERSION = 5.0;
				TARGETED_DEVICE_FAMILY = "1,2";
				TEST_TARGET_NAME = GitHubTest;
			};
			name = Debug;
		};
		914024A62661EB840058BB4D /* Release */ = {
			isa = XCBuildConfiguration;
			buildSettings = {
				ALWAYS_EMBED_SWIFT_STANDARD_LIBRARIES = YES;
				CODE_SIGN_STYLE = Automatic;
				INFOPLIST_FILE = GitHubTestUITests/Info.plist;
				LD_RUNPATH_SEARCH_PATHS = (
					"$(inherited)",
					"@executable_path/Frameworks",
					"@loader_path/Frameworks",
				);
				PRODUCT_BUNDLE_IDENTIFIER = Test.GitHubTestUITests;
				PRODUCT_NAME = "$(TARGET_NAME)";
				SWIFT_VERSION = 5.0;
				TARGETED_DEVICE_FAMILY = "1,2";
				TEST_TARGET_NAME = GitHubTest;
			};
			name = Release;
		};
/* End XCBuildConfiguration section */

/* Begin XCConfigurationList section */
		914024742661EB810058BB4D /* Build configuration list for PBXProject "GitHubTest" */ = {
			isa = XCConfigurationList;
			buildConfigurations = (
				9140249C2661EB840058BB4D /* Debug */,
				9140249D2661EB840058BB4D /* Release */,
			);
			defaultConfigurationIsVisible = 0;
			defaultConfigurationName = Release;
		};
		9140249E2661EB840058BB4D /* Build configuration list for PBXNativeTarget "GitHubTest" */ = {
			isa = XCConfigurationList;
			buildConfigurations = (
				9140249F2661EB840058BB4D /* Debug */,
				914024A02661EB840058BB4D /* Release */,
			);
			defaultConfigurationIsVisible = 0;
			defaultConfigurationName = Release;
		};
		914024A12661EB840058BB4D /* Build configuration list for PBXNativeTarget "GitHubTestTests" */ = {
			isa = XCConfigurationList;
			buildConfigurations = (
				914024A22661EB840058BB4D /* Debug */,
				914024A32661EB840058BB4D /* Release */,
			);
			defaultConfigurationIsVisible = 0;
			defaultConfigurationName = Release;
		};
		914024A42661EB840058BB4D /* Build configuration list for PBXNativeTarget "GitHubTestUITests" */ = {
			isa = XCConfigurationList;
			buildConfigurations = (
				914024A52661EB840058BB4D /* Debug */,
				914024A62661EB840058BB4D /* Release */,
			);
			defaultConfigurationIsVisible = 0;
			defaultConfigurationName = Release;
		};
/* End XCConfigurationList section */
	};
	rootObject = 914024712661EB810058BB4D /* Project object */;
}
